
Microsoft Visual Studio Solution File, Format Version 12.00
# Visual Studio Version 17
VisualStudioVersion = 17.3.32922.545
MinimumVisualStudioVersion = 10.0.40219.1
Project("{9A19103F-16F7-4668-BE54-9A1E7A4F7556}") = "PixelHouse", "PixelHouse\PixelHouse.csproj", "{1CB6F6C3-E4A1-453E-BC02-850CA184528E}"
EndProject
Global
	GlobalSection(SolutionConfigurationPlatforms) = preSolution
		Debug|Any CPU = Debug|Any CPU
		Release|Any CPU = Release|Any CPU
	EndGlobalSection
	GlobalSection(ProjectConfigurationPlatforms) = postSolution
		{1CB6F6C3-E4A1-453E-BC02-850CA184528E}.Debug|Any CPU.ActiveCfg = Debug|Any CPU
		{1CB6F6C3-E4A1-453E-BC02-850CA184528E}.Debug|Any CPU.Build.0 = Debug|Any CPU
		{1CB6F6C3-E4A1-453E-BC02-850CA184528E}.Release|Any CPU.ActiveCfg = Release|Any CPU
		{1CB6F6C3-E4A1-453E-BC02-850CA184528E}.Release|Any CPU.Build.0 = Release|Any CPU
	EndGlobalSection
	GlobalSection(SolutionProperties) = preSolution
		HideSolutionNode = FALSE
	EndGlobalSection
	GlobalSection(ExtensibilityGlobals) = postSolution
		SolutionGuid = {7532B2A4-82F1-4DEF-AFF5-C8923C28C14C}
	EndGlobalSection
EndGlobal
